
Microsoft Visual Studio Solution File, Format Version 12.00
# Visual Studio Version 17
VisualStudioVersion = 17.11.35219.272
MinimumVisualStudioVersion = 10.0.40219.1
Project("{2150E333-8FDC-42A3-9474-1A3956D46DE8}") = "01.AL.WebApi", "01.AL.WebApi", "{715C4F86-8344-4124-B514-EF649D2A5748}"
EndProject
Project("{2150E333-8FDC-42A3-9474-1A3956D46DE8}") = "02.AL.Manager", "02.AL.Manager", "{9E2676C9-F27B-45D3-BF22-2EC7A0186127}"
EndProject
Project("{2150E333-8FDC-42A3-9474-1A3956D46DE8}") = "03.AL.Data", "03.AL.Data", "{544F24FC-793F-4539-9F64-E8AA708A7937}"
EndProject
Project("{2150E333-8FDC-42A3-9474-1A3956D46DE8}") = "04.AL.Core", "04.AL.Core", "{96ECEA9A-5D9F-4E26-B478-DEFFDAEB846A}"
EndProject
Project("{2150E333-8FDC-42A3-9474-1A3956D46DE8}") = "05.AL.Tests", "05.AL.Tests", "{55A6BD44-6C2E-49CE-B75D-7BF91D1E2BA0}"
EndProject
Project("{9A19103F-16F7-4668-BE54-9A1E7A4F7556}") = "AL.WebApi", "AL.WebApi\AL.WebApi.csproj", "{2AE7542F-C5B4-4A5A-8EF7-89E4EB691C2F}"
EndProject
Project("{9A19103F-16F7-4668-BE54-9A1E7A4F7556}") = "AL.Manager", "Manager\AL.Manager.csproj", "{9A215CAF-FA5B-4B48-930F-2EB2BF422AFD}"
EndProject
Project("{9A19103F-16F7-4668-BE54-9A1E7A4F7556}") = "AL.Data", "AL.Data\AL.Data.csproj", "{90018D98-7642-451F-B257-2C5DC167F7D7}"
EndProject
Project("{9A19103F-16F7-4668-BE54-9A1E7A4F7556}") = "AL.Core", "AL.Core\AL.Core.csproj", "{2F329B1A-A7B7-47A3-85D9-875CCF411F0F}"
EndProject
Project("{FAE04EC0-301F-11D3-BF4B-00C04F79EFBC}") = "AL.Core.Shared", "Core.Shared\AL.Core.Shared.csproj", "{CDDF40AD-7C0A-4CCD-9270-AFE51376075D}"
EndProject
Global
	GlobalSection(SolutionConfigurationPlatforms) = preSolution
		Debug|Any CPU = Debug|Any CPU
		Release|Any CPU = Release|Any CPU
	EndGlobalSection
	GlobalSection(ProjectConfigurationPlatforms) = postSolution
		{2AE7542F-C5B4-4A5A-8EF7-89E4EB691C2F}.Debug|Any CPU.ActiveCfg = Debug|Any CPU
		{2AE7542F-C5B4-4A5A-8EF7-89E4EB691C2F}.Debug|Any CPU.Build.0 = Debug|Any CPU
		{2AE7542F-C5B4-4A5A-8EF7-89E4EB691C2F}.Release|Any CPU.ActiveCfg = Release|Any CPU
		{2AE7542F-C5B4-4A5A-8EF7-89E4EB691C2F}.Release|Any CPU.Build.0 = Release|Any CPU
		{9A215CAF-FA5B-4B48-930F-2EB2BF422AFD}.Debug|Any CPU.ActiveCfg = Debug|Any CPU
		{9A215CAF-FA5B-4B48-930F-2EB2BF422AFD}.Debug|Any CPU.Build.0 = Debug|Any CPU
		{9A215CAF-FA5B-4B48-930F-2EB2BF422AFD}.Release|Any CPU.ActiveCfg = Release|Any CPU
		{9A215CAF-FA5B-4B48-930F-2EB2BF422AFD}.Release|Any CPU.Build.0 = Release|Any CPU
		{90018D98-7642-451F-B257-2C5DC167F7D7}.Debug|Any CPU.ActiveCfg = Debug|Any CPU
		{90018D98-7642-451F-B257-2C5DC167F7D7}.Debug|Any CPU.Build.0 = Debug|Any CPU
		{90018D98-7642-451F-B257-2C5DC167F7D7}.Release|Any CPU.ActiveCfg = Release|Any CPU
		{90018D98-7642-451F-B257-2C5DC167F7D7}.Release|Any CPU.Build.0 = Release|Any CPU
		{2F329B1A-A7B7-47A3-85D9-875CCF411F0F}.Debug|Any CPU.ActiveCfg = Debug|Any CPU
		{2F329B1A-A7B7-47A3-85D9-875CCF411F0F}.Debug|Any CPU.Build.0 = Debug|Any CPU
		{2F329B1A-A7B7-47A3-85D9-875CCF411F0F}.Release|Any CPU.ActiveCfg = Release|Any CPU
		{2F329B1A-A7B7-47A3-85D9-875CCF411F0F}.Release|Any CPU.Build.0 = Release|Any CPU
		{CDDF40AD-7C0A-4CCD-9270-AFE51376075D}.Debug|Any CPU.ActiveCfg = Debug|Any CPU
		{CDDF40AD-7C0A-4CCD-9270-AFE51376075D}.Debug|Any CPU.Build.0 = Debug|Any CPU
		{CDDF40AD-7C0A-4CCD-9270-AFE51376075D}.Release|Any CPU.ActiveCfg = Release|Any CPU
		{CDDF40AD-7C0A-4CCD-9270-AFE51376075D}.Release|Any CPU.Build.0 = Release|Any CPU
	EndGlobalSection
	GlobalSection(SolutionProperties) = preSolution
		HideSolutionNode = FALSE
	EndGlobalSection
	GlobalSection(NestedProjects) = preSolution
		{2AE7542F-C5B4-4A5A-8EF7-89E4EB691C2F} = {715C4F86-8344-4124-B514-EF649D2A5748}
		{9A215CAF-FA5B-4B48-930F-2EB2BF422AFD} = {9E2676C9-F27B-45D3-BF22-2EC7A0186127}
		{90018D98-7642-451F-B257-2C5DC167F7D7} = {544F24FC-793F-4539-9F64-E8AA708A7937}
		{2F329B1A-A7B7-47A3-85D9-875CCF411F0F} = {96ECEA9A-5D9F-4E26-B478-DEFFDAEB846A}
		{CDDF40AD-7C0A-4CCD-9270-AFE51376075D} = {96ECEA9A-5D9F-4E26-B478-DEFFDAEB846A}
	EndGlobalSection
	GlobalSection(ExtensibilityGlobals) = postSolution
		SolutionGuid = {A11026F4-1D28-4C2F-B921-4F6C26DAE70E}
	EndGlobalSection
EndGlobal
